
Microsoft Visual Studio Solution File, Format Version 12.00
# Visual Studio 15
VisualStudioVersion = 15.0.27428.2037
MinimumVisualStudioVersion = 10.0.40219.1
Project("{2150E333-8FDC-42A3-9474-1A3956D46DE8}") = "01-UI", "01-UI", "{E23DB044-DBD1-4357-8881-8F4CF6B35345}"
EndProject
Project("{2150E333-8FDC-42A3-9474-1A3956D46DE8}") = "02-Svervice", "02-Svervice", "{B5EE73E4-F5A8-48FA-B9DC-B6525629EF4B}"
EndProject
Project("{2150E333-8FDC-42A3-9474-1A3956D46DE8}") = "04-Common", "04-Common", "{759B0FEB-8E41-48BB-B4E8-0CDC8BFDE2F4}"
EndProject
Project("{2150E333-8FDC-42A3-9474-1A3956D46DE8}") = "02.01-System", "02.01-System", "{987E6DB7-0C13-45D9-B39D-1631B52D42C4}"
EndProject
Project("{2150E333-8FDC-42A3-9474-1A3956D46DE8}") = "02.02-Workflow", "02.02-Workflow", "{98FE3E50-012D-42F1-A03D-90ADA6CB8E38}"
EndProject
Project("{FAE04EC0-301F-11D3-BF4B-00C04F79EFBC}") = "EIP.Common.Business", "Common\EIP.Common.Business\EIP.Common.Business.csproj", "{D31D24D0-4CCE-473D-9D08-DAF05ACE8CF5}"
EndProject
Project("{FAE04EC0-301F-11D3-BF4B-00C04F79EFBC}") = "EIP.Common.Cache", "Common\EIP.Common.Cache\EIP.Common.Cache.csproj", "{C7F57CB7-EE97-48CB-AB15-E4FC236AFDEB}"
EndProject
Project("{FAE04EC0-301F-11D3-BF4B-00C04F79EFBC}") = "EIP.Common.Dapper", "Common\EIP.Common.Dapper\EIP.Common.Dapper.csproj", "{B2ADF77F-16E8-4B8B-B11E-9B1F6CB5B07D}"
EndProject
Project("{FAE04EC0-301F-11D3-BF4B-00C04F79EFBC}") = "EIP.Common.DataAccess", "Common\EIP.Common.DataAccess\EIP.Common.DataAccess.csproj", "{E355C064-E7C7-45F1-A231-587F0D46466C}"
EndProject
Project("{FAE04EC0-301F-11D3-BF4B-00C04F79EFBC}") = "EIP.Common.Entities", "Common\EIP.Common.Entities\EIP.Common.Entities.csproj", "{E11F0521-B8DD-4821-BE16-8630FF147878}"
EndProject
Project("{FAE04EC0-301F-11D3-BF4B-00C04F79EFBC}") = "EIP.Common.Pay", "Common\EIP.Common.Pay\EIP.Common.Pay.csproj", "{FEBDD8A6-A8D7-4A65-838D-26A51497833B}"
EndProject
Project("{FAE04EC0-301F-11D3-BF4B-00C04F79EFBC}") = "EIP.System.Business", "Service\System\EIP.System.Business\EIP.System.Business.csproj", "{0ED4502A-ECF8-43BF-B5DB-FE056C637C54}"
EndProject
Project("{FAE04EC0-301F-11D3-BF4B-00C04F79EFBC}") = "EIP.System.DataAccess", "Service\System\EIP.System.DataAccess\EIP.System.DataAccess.csproj", "{8971D98D-1ADF-4552-8344-682C56208943}"
EndProject
Project("{FAE04EC0-301F-11D3-BF4B-00C04F79EFBC}") = "EIP.System.Models", "Service\System\EIP.System.Models\EIP.System.Models.csproj", "{30CBFB3F-A887-4D22-B9DB-46C1D45DCBBD}"
EndProject
Project("{FAE04EC0-301F-11D3-BF4B-00C04F79EFBC}") = "EIP.Workflow.Business", "Service\Workflow\EIP.Workflow.Business\EIP.Workflow.Business.csproj", "{ECAF45C7-D3E2-4A82-BA0A-885078FE4F6E}"
EndProject
Project("{FAE04EC0-301F-11D3-BF4B-00C04F79EFBC}") = "EIP.Workflow.DataAccess", "Service\Workflow\EIP.Workflow.DataAccess\EIP.Workflow.DataAccess.csproj", "{4336809E-0F83-45E8-BFC4-DC5BEB0C2BB3}"
EndProject
Project("{FAE04EC0-301F-11D3-BF4B-00C04F79EFBC}") = "EIP.Workflow.Models", "Service\Workflow\EIP.Workflow.Models\EIP.Workflow.Models.csproj", "{960ED4F8-1FF7-4623-BAB1-5825C886C8D0}"
EndProject
Project("{FAE04EC0-301F-11D3-BF4B-00C04F79EFBC}") = "EIP.Common.T4", "Common\EIP.Common.T4\EIP.Common.T4.csproj", "{81385CEA-E413-4318-957E-085258040380}"
EndProject
Project("{FAE04EC0-301F-11D3-BF4B-00C04F79EFBC}") = "EIP.Common.Web", "Common\EIP.Common.Web\EIP.Common.Web.csproj", "{DAC98624-09AD-48EE-B0AC-B02120CA8D3B}"
EndProject
Project("{FAE04EC0-301F-11D3-BF4B-00C04F79EFBC}") = "EIP.Common.Web.Api", "Common\EIP.Common.Web.Api\EIP.Common.Web.Api.csproj", "{97D9A7E2-FBFF-4834-8050-3B2459E306CD}"
EndProject
Project("{2150E333-8FDC-42A3-9474-1A3956D46DE8}") = "03-Plug", "03-Plug", "{B3E22B3D-BB8D-474D-A5F6-EEC30E668741}"
EndProject
Project("{2150E333-8FDC-42A3-9474-1A3956D46DE8}") = "03.01-Job", "03.01-Job", "{385719FA-9FAC-49B2-9FB4-5406B0EBB112}"
EndProject
Project("{FAE04EC0-301F-11D3-BF4B-00C04F79EFBC}") = "EIP.Job.Service", "Plug\Job\EIP.Job.Service\EIP.Job.Service.csproj", "{A92A33AF-1B4B-4234-8A30-5328A449CCAD}"
EndProject
Project("{2150E333-8FDC-42A3-9474-1A3956D46DE8}") = ".nuget", ".nuget", "{5C2C455A-0A00-461D-9FED-098B8BCA62C7}"
	ProjectSection(SolutionItems) = preProject
		.nuget\NuGet.Config = .nuget\NuGet.Config
		.nuget\NuGet.exe = .nuget\NuGet.exe
		.nuget\NuGet.targets = .nuget\NuGet.targets
	EndProjectSection
EndProject
Project("{FAE04EC0-301F-11D3-BF4B-00C04F79EFBC}") = "EIP.Common.Core", "Common\EIP.Common.Core\EIP.Common.Core.csproj", "{1CD7655D-AEAF-496D-A3AC-FFF0B6423E60}"
EndProject
Project("{FAE04EC0-301F-11D3-BF4B-00C04F79EFBC}") = "EIP.Job.Web", "Plug\Job\EIP.Job.Web\EIP.Job.Web\EIP.Job.Web.csproj", "{CA140725-E792-4047-85FF-B30050A2A40C}"
EndProject
Project("{FAE04EC0-301F-11D3-BF4B-00C04F79EFBC}") = "EIP.Web", "UI\EIP.Web\EIP.Web.csproj", "{4462F30F-E5F2-4B83-845C-5A6D76AA6BB0}"
EndProject
Global
	GlobalSection(SolutionConfigurationPlatforms) = preSolution
		Debug|Any CPU = Debug|Any CPU
		Release|Any CPU = Release|Any CPU
	EndGlobalSection
	GlobalSection(ProjectConfigurationPlatforms) = postSolution
		{D31D24D0-4CCE-473D-9D08-DAF05ACE8CF5}.Debug|Any CPU.ActiveCfg = Debug|Any CPU
		{D31D24D0-4CCE-473D-9D08-DAF05ACE8CF5}.Debug|Any CPU.Build.0 = Debug|Any CPU
		{D31D24D0-4CCE-473D-9D08-DAF05ACE8CF5}.Release|Any CPU.ActiveCfg = Release|Any CPU
		{D31D24D0-4CCE-473D-9D08-DAF05ACE8CF5}.Release|Any CPU.Build.0 = Release|Any CPU
		{C7F57CB7-EE97-48CB-AB15-E4FC236AFDEB}.Debug|Any CPU.ActiveCfg = Debug|Any CPU
		{C7F57CB7-EE97-48CB-AB15-E4FC236AFDEB}.Debug|Any CPU.Build.0 = Debug|Any CPU
		{C7F57CB7-EE97-48CB-AB15-E4FC236AFDEB}.Release|Any CPU.ActiveCfg = Release|Any CPU
		{C7F57CB7-EE97-48CB-AB15-E4FC236AFDEB}.Release|Any CPU.Build.0 = Release|Any CPU
		{B2ADF77F-16E8-4B8B-B11E-9B1F6CB5B07D}.Debug|Any CPU.ActiveCfg = Debug|Any CPU
		{B2ADF77F-16E8-4B8B-B11E-9B1F6CB5B07D}.Debug|Any CPU.Build.0 = Debug|Any CPU
		{B2ADF77F-16E8-4B8B-B11E-9B1F6CB5B07D}.Release|Any CPU.ActiveCfg = Release|Any CPU
		{B2ADF77F-16E8-4B8B-B11E-9B1F6CB5B07D}.Release|Any CPU.Build.0 = Release|Any CPU
		{E355C064-E7C7-45F1-A231-587F0D46466C}.Debug|Any CPU.ActiveCfg = Debug|Any CPU
		{E355C064-E7C7-45F1-A231-587F0D46466C}.Debug|Any CPU.Build.0 = Debug|Any CPU
		{E355C064-E7C7-45F1-A231-587F0D46466C}.Release|Any CPU.ActiveCfg = Release|Any CPU
		{E355C064-E7C7-45F1-A231-587F0D46466C}.Release|Any CPU.Build.0 = Release|Any CPU
		{E11F0521-B8DD-4821-BE16-8630FF147878}.Debug|Any CPU.ActiveCfg = Debug|Any CPU
		{E11F0521-B8DD-4821-BE16-8630FF147878}.Debug|Any CPU.Build.0 = Debug|Any CPU
		{E11F0521-B8DD-4821-BE16-8630FF147878}.Release|Any CPU.ActiveCfg = Release|Any CPU
		{E11F0521-B8DD-4821-BE16-8630FF147878}.Release|Any CPU.Build.0 = Release|Any CPU
		{FEBDD8A6-A8D7-4A65-838D-26A51497833B}.Debug|Any CPU.ActiveCfg = Debug|Any CPU
		{FEBDD8A6-A8D7-4A65-838D-26A51497833B}.Debug|Any CPU.Build.0 = Debug|Any CPU
		{FEBDD8A6-A8D7-4A65-838D-26A51497833B}.Release|Any CPU.ActiveCfg = Release|Any CPU
		{FEBDD8A6-A8D7-4A65-838D-26A51497833B}.Release|Any CPU.Build.0 = Release|Any CPU
		{0ED4502A-ECF8-43BF-B5DB-FE056C637C54}.Debug|Any CPU.ActiveCfg = Debug|Any CPU
		{0ED4502A-ECF8-43BF-B5DB-FE056C637C54}.Debug|Any CPU.Build.0 = Debug|Any CPU
		{0ED4502A-ECF8-43BF-B5DB-FE056C637C54}.Release|Any CPU.ActiveCfg = Release|Any CPU
		{0ED4502A-ECF8-43BF-B5DB-FE056C637C54}.Release|Any CPU.Build.0 = Release|Any CPU
		{8971D98D-1ADF-4552-8344-682C56208943}.Debug|Any CPU.ActiveCfg = Debug|Any CPU
		{8971D98D-1ADF-4552-8344-682C56208943}.Debug|Any CPU.Build.0 = Debug|Any CPU
		{8971D98D-1ADF-4552-8344-682C56208943}.Release|Any CPU.ActiveCfg = Release|Any CPU
		{8971D98D-1ADF-4552-8344-682C56208943}.Release|Any CPU.Build.0 = Release|Any CPU
		{30CBFB3F-A887-4D22-B9DB-46C1D45DCBBD}.Debug|Any CPU.ActiveCfg = Debug|Any CPU
		{30CBFB3F-A887-4D22-B9DB-46C1D45DCBBD}.Debug|Any CPU.Build.0 = Debug|Any CPU
		{30CBFB3F-A887-4D22-B9DB-46C1D45DCBBD}.Release|Any CPU.ActiveCfg = Release|Any CPU
		{30CBFB3F-A887-4D22-B9DB-46C1D45DCBBD}.Release|Any CPU.Build.0 = Release|Any CPU
		{ECAF45C7-D3E2-4A82-BA0A-885078FE4F6E}.Debug|Any CPU.ActiveCfg = Debug|Any CPU
		{ECAF45C7-D3E2-4A82-BA0A-885078FE4F6E}.Debug|Any CPU.Build.0 = Debug|Any CPU
		{ECAF45C7-D3E2-4A82-BA0A-885078FE4F6E}.Release|Any CPU.ActiveCfg = Release|Any CPU
		{ECAF45C7-D3E2-4A82-BA0A-885078FE4F6E}.Release|Any CPU.Build.0 = Release|Any CPU
		{4336809E-0F83-45E8-BFC4-DC5BEB0C2BB3}.Debug|Any CPU.ActiveCfg = Debug|Any CPU
		{4336809E-0F83-45E8-BFC4-DC5BEB0C2BB3}.Debug|Any CPU.Build.0 = Debug|Any CPU
		{4336809E-0F83-45E8-BFC4-DC5BEB0C2BB3}.Release|Any CPU.ActiveCfg = Release|Any CPU
		{4336809E-0F83-45E8-BFC4-DC5BEB0C2BB3}.Release|Any CPU.Build.0 = Release|Any CPU
		{960ED4F8-1FF7-4623-BAB1-5825C886C8D0}.Debug|Any CPU.ActiveCfg = Debug|Any CPU
		{960ED4F8-1FF7-4623-BAB1-5825C886C8D0}.Debug|Any CPU.Build.0 = Debug|Any CPU
		{960ED4F8-1FF7-4623-BAB1-5825C886C8D0}.Release|Any CPU.ActiveCfg = Release|Any CPU
		{960ED4F8-1FF7-4623-BAB1-5825C886C8D0}.Release|Any CPU.Build.0 = Release|Any CPU
		{81385CEA-E413-4318-957E-085258040380}.Debug|Any CPU.ActiveCfg = Debug|Any CPU
		{81385CEA-E413-4318-957E-085258040380}.Debug|Any CPU.Build.0 = Debug|Any CPU
		{81385CEA-E413-4318-957E-085258040380}.Release|Any CPU.ActiveCfg = Release|Any CPU
		{81385CEA-E413-4318-957E-085258040380}.Release|Any CPU.Build.0 = Release|Any CPU
		{DAC98624-09AD-48EE-B0AC-B02120CA8D3B}.Debug|Any CPU.ActiveCfg = Debug|Any CPU
		{DAC98624-09AD-48EE-B0AC-B02120CA8D3B}.Debug|Any CPU.Build.0 = Debug|Any CPU
		{DAC98624-09AD-48EE-B0AC-B02120CA8D3B}.Release|Any CPU.ActiveCfg = Release|Any CPU
		{DAC98624-09AD-48EE-B0AC-B02120CA8D3B}.Release|Any CPU.Build.0 = Release|Any CPU
		{97D9A7E2-FBFF-4834-8050-3B2459E306CD}.Debug|Any CPU.ActiveCfg = Debug|Any CPU
		{97D9A7E2-FBFF-4834-8050-3B2459E306CD}.Debug|Any CPU.Build.0 = Debug|Any CPU
		{97D9A7E2-FBFF-4834-8050-3B2459E306CD}.Release|Any CPU.ActiveCfg = Release|Any CPU
		{97D9A7E2-FBFF-4834-8050-3B2459E306CD}.Release|Any CPU.Build.0 = Release|Any CPU
		{A92A33AF-1B4B-4234-8A30-5328A449CCAD}.Debug|Any CPU.ActiveCfg = Debug|Any CPU
		{A92A33AF-1B4B-4234-8A30-5328A449CCAD}.Debug|Any CPU.Build.0 = Debug|Any CPU
		{A92A33AF-1B4B-4234-8A30-5328A449CCAD}.Release|Any CPU.ActiveCfg = Release|Any CPU
		{A92A33AF-1B4B-4234-8A30-5328A449CCAD}.Release|Any CPU.Build.0 = Release|Any CPU
		{1CD7655D-AEAF-496D-A3AC-FFF0B6423E60}.Debug|Any CPU.ActiveCfg = Debug|Any CPU
		{1CD7655D-AEAF-496D-A3AC-FFF0B6423E60}.Debug|Any CPU.Build.0 = Debug|Any CPU
		{1CD7655D-AEAF-496D-A3AC-FFF0B6423E60}.Release|Any CPU.ActiveCfg = Release|Any CPU
		{1CD7655D-AEAF-496D-A3AC-FFF0B6423E60}.Release|Any CPU.Build.0 = Release|Any CPU
		{CA140725-E792-4047-85FF-B30050A2A40C}.Debug|Any CPU.ActiveCfg = Debug|Any CPU
		{CA140725-E792-4047-85FF-B30050A2A40C}.Debug|Any CPU.Build.0 = Debug|Any CPU
		{CA140725-E792-4047-85FF-B30050A2A40C}.Release|Any CPU.ActiveCfg = Release|Any CPU
		{CA140725-E792-4047-85FF-B30050A2A40C}.Release|Any CPU.Build.0 = Release|Any CPU
		{4462F30F-E5F2-4B83-845C-5A6D76AA6BB0}.Debug|Any CPU.ActiveCfg = Debug|Any CPU
		{4462F30F-E5F2-4B83-845C-5A6D76AA6BB0}.Debug|Any CPU.Build.0 = Debug|Any CPU
		{4462F30F-E5F2-4B83-845C-5A6D76AA6BB0}.Release|Any CPU.ActiveCfg = Release|Any CPU
		{4462F30F-E5F2-4B83-845C-5A6D76AA6BB0}.Release|Any CPU.Build.0 = Release|Any CPU
	EndGlobalSection
	GlobalSection(SolutionProperties) = preSolution
		HideSolutionNode = FALSE
	EndGlobalSection
	GlobalSection(NestedProjects) = preSolution
		{987E6DB7-0C13-45D9-B39D-1631B52D42C4} = {B5EE73E4-F5A8-48FA-B9DC-B6525629EF4B}
		{98FE3E50-012D-42F1-A03D-90ADA6CB8E38} = {B5EE73E4-F5A8-48FA-B9DC-B6525629EF4B}
		{D31D24D0-4CCE-473D-9D08-DAF05ACE8CF5} = {759B0FEB-8E41-48BB-B4E8-0CDC8BFDE2F4}
		{C7F57CB7-EE97-48CB-AB15-E4FC236AFDEB} = {759B0FEB-8E41-48BB-B4E8-0CDC8BFDE2F4}
		{B2ADF77F-16E8-4B8B-B11E-9B1F6CB5B07D} = {759B0FEB-8E41-48BB-B4E8-0CDC8BFDE2F4}
		{E355C064-E7C7-45F1-A231-587F0D46466C} = {759B0FEB-8E41-48BB-B4E8-0CDC8BFDE2F4}
		{E11F0521-B8DD-4821-BE16-8630FF147878} = {759B0FEB-8E41-48BB-B4E8-0CDC8BFDE2F4}
		{FEBDD8A6-A8D7-4A65-838D-26A51497833B} = {759B0FEB-8E41-48BB-B4E8-0CDC8BFDE2F4}
		{0ED4502A-ECF8-43BF-B5DB-FE056C637C54} = {987E6DB7-0C13-45D9-B39D-1631B52D42C4}
		{8971D98D-1ADF-4552-8344-682C56208943} = {987E6DB7-0C13-45D9-B39D-1631B52D42C4}
		{30CBFB3F-A887-4D22-B9DB-46C1D45DCBBD} = {987E6DB7-0C13-45D9-B39D-1631B52D42C4}
		{ECAF45C7-D3E2-4A82-BA0A-885078FE4F6E} = {98FE3E50-012D-42F1-A03D-90ADA6CB8E38}
		{4336809E-0F83-45E8-BFC4-DC5BEB0C2BB3} = {98FE3E50-012D-42F1-A03D-90ADA6CB8E38}
		{960ED4F8-1FF7-4623-BAB1-5825C886C8D0} = {98FE3E50-012D-42F1-A03D-90ADA6CB8E38}
		{81385CEA-E413-4318-957E-085258040380} = {759B0FEB-8E41-48BB-B4E8-0CDC8BFDE2F4}
		{DAC98624-09AD-48EE-B0AC-B02120CA8D3B} = {759B0FEB-8E41-48BB-B4E8-0CDC8BFDE2F4}
		{97D9A7E2-FBFF-4834-8050-3B2459E306CD} = {759B0FEB-8E41-48BB-B4E8-0CDC8BFDE2F4}
		{385719FA-9FAC-49B2-9FB4-5406B0EBB112} = {B3E22B3D-BB8D-474D-A5F6-EEC30E668741}
		{A92A33AF-1B4B-4234-8A30-5328A449CCAD} = {385719FA-9FAC-49B2-9FB4-5406B0EBB112}
		{1CD7655D-AEAF-496D-A3AC-FFF0B6423E60} = {759B0FEB-8E41-48BB-B4E8-0CDC8BFDE2F4}
		{CA140725-E792-4047-85FF-B30050A2A40C} = {385719FA-9FAC-49B2-9FB4-5406B0EBB112}
		{4462F30F-E5F2-4B83-845C-5A6D76AA6BB0} = {E23DB044-DBD1-4357-8881-8F4CF6B35345}
	EndGlobalSection
	GlobalSection(ExtensibilityGlobals) = postSolution
		SolutionGuid = {196F5552-AFE8-453D-898B-D799E929802A}
	EndGlobalSection
EndGlobal
